
Microsoft Visual Studio Solution File, Format Version 12.00
# Visual Studio Version 16
VisualStudioVersion = 16.0.29613.14
MinimumVisualStudioVersion = 10.0.40219.1
Project("{00D1A9C2-B5F0-4AF3-8072-F6C62B433612}") = "WebParkingDB", "WebParkingDB\WebParkingDB.sqlproj", "{7B2D3635-74D2-47F3-AFBE-9E71DF573373}"
EndProject
Project("{FAE04EC0-301F-11D3-BF4B-00C04F79EFBC}") = "LibraryWebParking", "LibraryWebParking\LibraryWebParking.csproj", "{088AD1C9-BA4F-4E9E-B4EC-9BB64EA209E6}"
EndProject
Project("{FAE04EC0-301F-11D3-BF4B-00C04F79EFBC}") = "WebParkingMVC", "WebParkingMVC\WebParkingMVC.csproj", "{C57F51FB-6E9D-4B34-B9B4-F99095A585C5}"
EndProject
Project("{FAE04EC0-301F-11D3-BF4B-00C04F79EFBC}") = "Inspinia_MVC5", "..\Inpinia\MVC5_Full_Version\Inspinia_MVC5\Inspinia_MVC5.csproj", "{A5859E0E-3C08-4045-B8DC-B3FB13655B00}"
EndProject
Global
	GlobalSection(SolutionConfigurationPlatforms) = preSolution
		Debug|Any CPU = Debug|Any CPU
		Release|Any CPU = Release|Any CPU
	EndGlobalSection
	GlobalSection(ProjectConfigurationPlatforms) = postSolution
		{7B2D3635-74D2-47F3-AFBE-9E71DF573373}.Debug|Any CPU.ActiveCfg = Debug|Any CPU
		{7B2D3635-74D2-47F3-AFBE-9E71DF573373}.Debug|Any CPU.Build.0 = Debug|Any CPU
		{7B2D3635-74D2-47F3-AFBE-9E71DF573373}.Debug|Any CPU.Deploy.0 = Debug|Any CPU
		{7B2D3635-74D2-47F3-AFBE-9E71DF573373}.Release|Any CPU.ActiveCfg = Release|Any CPU
		{7B2D3635-74D2-47F3-AFBE-9E71DF573373}.Release|Any CPU.Build.0 = Release|Any CPU
		{7B2D3635-74D2-47F3-AFBE-9E71DF573373}.Release|Any CPU.Deploy.0 = Release|Any CPU
		{088AD1C9-BA4F-4E9E-B4EC-9BB64EA209E6}.Debug|Any CPU.ActiveCfg = Debug|Any CPU
		{088AD1C9-BA4F-4E9E-B4EC-9BB64EA209E6}.Debug|Any CPU.Build.0 = Debug|Any CPU
		{088AD1C9-BA4F-4E9E-B4EC-9BB64EA209E6}.Release|Any CPU.ActiveCfg = Release|Any CPU
		{088AD1C9-BA4F-4E9E-B4EC-9BB64EA209E6}.Release|Any CPU.Build.0 = Release|Any CPU
		{C57F51FB-6E9D-4B34-B9B4-F99095A585C5}.Debug|Any CPU.ActiveCfg = Debug|Any CPU
		{C57F51FB-6E9D-4B34-B9B4-F99095A585C5}.Debug|Any CPU.Build.0 = Debug|Any CPU
		{C57F51FB-6E9D-4B34-B9B4-F99095A585C5}.Release|Any CPU.ActiveCfg = Release|Any CPU
		{C57F51FB-6E9D-4B34-B9B4-F99095A585C5}.Release|Any CPU.Build.0 = Release|Any CPU
		{A5859E0E-3C08-4045-B8DC-B3FB13655B00}.Debug|Any CPU.ActiveCfg = Debug|Any CPU
		{A5859E0E-3C08-4045-B8DC-B3FB13655B00}.Debug|Any CPU.Build.0 = Debug|Any CPU
		{A5859E0E-3C08-4045-B8DC-B3FB13655B00}.Release|Any CPU.ActiveCfg = Release|Any CPU
		{A5859E0E-3C08-4045-B8DC-B3FB13655B00}.Release|Any CPU.Build.0 = Release|Any CPU
	EndGlobalSection
	GlobalSection(SolutionProperties) = preSolution
		HideSolutionNode = FALSE
	EndGlobalSection
	GlobalSection(ExtensibilityGlobals) = postSolution
		SolutionGuid = {F9B94B6C-35B5-41E7-A385-B9653B7AD197}
	EndGlobalSection
EndGlobal
